
Microsoft Visual Studio Solution File, Format Version 12.00
# Visual Studio Version 16
VisualStudioVersion = 16.0.31129.286
MinimumVisualStudioVersion = 10.0.40219.1
Project("{FAE04EC0-301F-11D3-BF4B-00C04F79EFBC}") = "WPF_Color", "WPF_Color\WPF_Color.csproj", "{2B6FAC00-A6AC-49AF-AB59-8DC1E72CA7DF}"
EndProject
Global
	GlobalSection(SolutionConfigurationPlatforms) = preSolution
		Debug|Any CPU = Debug|Any CPU
		Release|Any CPU = Release|Any CPU
	EndGlobalSection
	GlobalSection(ProjectConfigurationPlatforms) = postSolution
		{2B6FAC00-A6AC-49AF-AB59-8DC1E72CA7DF}.Debug|Any CPU.ActiveCfg = Debug|Any CPU
		{2B6FAC00-A6AC-49AF-AB59-8DC1E72CA7DF}.Debug|Any CPU.Build.0 = Debug|Any CPU
		{2B6FAC00-A6AC-49AF-AB59-8DC1E72CA7DF}.Release|Any CPU.ActiveCfg = Release|Any CPU
		{2B6FAC00-A6AC-49AF-AB59-8DC1E72CA7DF}.Release|Any CPU.Build.0 = Release|Any CPU
	EndGlobalSection
	GlobalSection(SolutionProperties) = preSolution
		HideSolutionNode = FALSE
	EndGlobalSection
	GlobalSection(ExtensibilityGlobals) = postSolution
		SolutionGuid = {5D0F2DD6-C27C-4D47-8A44-51534B1BE686}
	EndGlobalSection
EndGlobal
